# This file is autogenerated, do not edit; changes may be undone by the next 'dep ensure'.


[[projects]]
  branch = "master"
  name = "github.com/gojuno/generator"
  packages = ["."]
  revision = "2224a98ac05213f8dff340ea2a489217d2d8b965"

[[projects]]
  branch = "master"
  name = "golang.org/x/tools"
  packages = [
    "go/ast/astutil",
    "go/buildutil",
    "go/loader",
    "imports"
  ]
  revision = "c1547a3f90f245aa85784a99580d3f601380cc07"

[solve-meta]
  analyzer-name = "dep"
  analyzer-version = 1
  inputs-digest = "887ba4c06fb3024fc1c571264a06f9d5e9256d1b5f03028ae5ea898e27c138e2"
  solver-name = "gps-cdcl"
  solver-version = 1
